
Microsoft Visual Studio Solution File, Format Version 12.00
# Visual Studio 15
VisualStudioVersion = 15.0.27004.2009
MinimumVisualStudioVersion = 10.0.40219.1
Project("{FAE04EC0-301F-11D3-BF4B-00C04F79EFBC}") = "APIUnity", "APIUnity\APIUnity.csproj", "{60F90936-1086-4BFA-AC11-E77348E1A829}"
EndProject
Global
	GlobalSection(SolutionConfigurationPlatforms) = preSolution
		Debug|Any CPU = Debug|Any CPU
		Release|Any CPU = Release|Any CPU
	EndGlobalSection
	GlobalSection(ProjectConfigurationPlatforms) = postSolution
		{60F90936-1086-4BFA-AC11-E77348E1A829}.Debug|Any CPU.ActiveCfg = Debug|Any CPU
		{60F90936-1086-4BFA-AC11-E77348E1A829}.Debug|Any CPU.Build.0 = Debug|Any CPU
		{60F90936-1086-4BFA-AC11-E77348E1A829}.Release|Any CPU.ActiveCfg = Release|Any CPU
		{60F90936-1086-4BFA-AC11-E77348E1A829}.Release|Any CPU.Build.0 = Release|Any CPU
	EndGlobalSection
	GlobalSection(SolutionProperties) = preSolution
		HideSolutionNode = FALSE
	EndGlobalSection
	GlobalSection(ExtensibilityGlobals) = postSolution
		SolutionGuid = {22D5DBD6-9DB9-4D27-A129-9068D1CE50BA}
	EndGlobalSection
EndGlobal
